{
  "originHash" : "10d2bbaf7ccbce53a082fc23d33ab47f197c86f0ba5e47ffb2bdc3059b9cadc7",
  "pins" : [
    {
      "identity" : "purchases-ios-spm",
      "kind" : "remoteSourceControl",
      "location" : "https://github.com/RevenueCat/purchases-ios-spm.git",
      "state" : {
        "revision" : "4c0006aec5994bee99a5e4c9b91043d7a920b110",
        "version" : "5.3.0"
      }
    }
  ],
  "version" : 3
}
