// !$*UTF8*$!
{
	archiveVersion = 1;
	classes = {
	};
	objectVersion = 56;
	objects = {

/* Begin PBXBuildFile section */
		DD7AECB22C0DCAE1002AB8F1 /* TrainingsbarometerApp.swift in Sources */ = {isa = PBXBuildFile; fileRef = DD7AECB12C0DCAE1002AB8F1 /* TrainingsbarometerApp.swift */; };
		DD7AECB42C0DCAE1002AB8F1 /* HomeView.swift in Sources */ = {isa = PBXBuildFile; fileRef = DD7AECB32C0DCAE1002AB8F1 /* HomeView.swift */; };
		DD7AECB62C0DCAE2002AB8F1 /* Assets.xcassets in Resources */ = {isa = PBXBuildFile; fileRef = DD7AECB52C0DCAE2002AB8F1 /* Assets.xcassets */; };
		DD7AECB92C0DCAE2002AB8F1 /* Preview Assets.xcassets in Resources */ = {isa = PBXBuildFile; fileRef = DD7AECB82C0DCAE2002AB8F1 /* Preview Assets.xcassets */; };
		DD7AECC12C0DDE55002AB8F1 /* FontHelper.swift in Sources */ = {isa = PBXBuildFile; fileRef = DD7AECC02C0DDE55002AB8F1 /* FontHelper.swift */; };
		DD7AECC32C0DE3D1002AB8F1 /* StatCardView.swift in Sources */ = {isa = PBXBuildFile; fileRef = DD7AECC22C0DE3D1002AB8F1 /* StatCardView.swift */; };
		DD7AECC52C0DF3BB002AB8F1 /* FlightLogsView.swift in Sources */ = {isa = PBXBuildFile; fileRef = DD7AECC42C0DF3BB002AB8F1 /* FlightLogsView.swift */; };
		DDB60F7E2C0E1D3F00ACD9D0 /* FlightLog.swift in Sources */ = {isa = PBXBuildFile; fileRef = DDB60F7D2C0E1D3F00ACD9D0 /* FlightLog.swift */; };
		DDB60F9A2C10977D00ACD9D0 /* EditFlightLogView.swift in Sources */ = {isa = PBXBuildFile; fileRef = DDB60F992C10977D00ACD9D0 /* EditFlightLogView.swift */; };
		DDBD0F5B2C1A216B0097432E /* FlightLogCardView.swift in Sources */ = {isa = PBXBuildFile; fileRef = DDBD0F5A2C1A216B0097432E /* FlightLogCardView.swift */; };
		DDD323DD2C29DDF7008AE016 /* HeadlineView.swift in Sources */ = {isa = PBXBuildFile; fileRef = DDD323DC2C29DDF7008AE016 /* HeadlineView.swift */; };
		DDE5A0532C27DA1100FF460B /* BackgroundView.swift in Sources */ = {isa = PBXBuildFile; fileRef = DDE5A0522C27DA1100FF460B /* BackgroundView.swift */; };
		DDE5A0572C29473800FF460B /* InfoCardGreenView.swift in Sources */ = {isa = PBXBuildFile; fileRef = DDE5A0562C29473800FF460B /* InfoCardGreenView.swift */; };
		DDE5A05B2C2947AB00FF460B /* InfoCardYellowView.swift in Sources */ = {isa = PBXBuildFile; fileRef = DDE5A05A2C2947AB00FF460B /* InfoCardYellowView.swift */; };
		DDE5A05D2C2947F800FF460B /* InfoCardRedView.swift in Sources */ = {isa = PBXBuildFile; fileRef = DDE5A05C2C2947F800FF460B /* InfoCardRedView.swift */; };
/* End PBXBuildFile section */

/* Begin PBXFileReference section */
		DD7AECAE2C0DCAE1002AB8F1 /* Trainingsbarometer.app */ = {isa = PBXFileReference; explicitFileType = wrapper.application; includeInIndex = 0; path = Trainingsbarometer.app; sourceTree = BUILT_PRODUCTS_DIR; };
		DD7AECB12C0DCAE1002AB8F1 /* TrainingsbarometerApp.swift */ = {isa = PBXFileReference; lastKnownFileType = sourcecode.swift; path = TrainingsbarometerApp.swift; sourceTree = "<group>"; };
		DD7AECB32C0DCAE1002AB8F1 /* HomeView.swift */ = {isa = PBXFileReference; lastKnownFileType = sourcecode.swift; path = HomeView.swift; sourceTree = "<group>"; };
		DD7AECB52C0DCAE2002AB8F1 /* Assets.xcassets */ = {isa = PBXFileReference; lastKnownFileType = folder.assetcatalog; path = Assets.xcassets; sourceTree = "<group>"; };
		DD7AECB82C0DCAE2002AB8F1 /* Preview Assets.xcassets */ = {isa = PBXFileReference; lastKnownFileType = folder.assetcatalog; path = "Preview Assets.xcassets"; sourceTree = "<group>"; };
		DD7AECC02C0DDE55002AB8F1 /* FontHelper.swift */ = {isa = PBXFileReference; lastKnownFileType = sourcecode.swift; path = FontHelper.swift; sourceTree = "<group>"; };
		DD7AECC22C0DE3D1002AB8F1 /* StatCardView.swift */ = {isa = PBXFileReference; lastKnownFileType = sourcecode.swift; path = StatCardView.swift; sourceTree = "<group>"; };
		DD7AECC42C0DF3BB002AB8F1 /* FlightLogsView.swift */ = {isa = PBXFileReference; lastKnownFileType = sourcecode.swift; path = FlightLogsView.swift; sourceTree = "<group>"; };
		DDB60F7D2C0E1D3F00ACD9D0 /* FlightLog.swift */ = {isa = PBXFileReference; lastKnownFileType = sourcecode.swift; path = FlightLog.swift; sourceTree = "<group>"; };
		DDB60F992C10977D00ACD9D0 /* EditFlightLogView.swift */ = {isa = PBXFileReference; lastKnownFileType = sourcecode.swift; path = EditFlightLogView.swift; sourceTree = "<group>"; };
		DDBD0F5A2C1A216B0097432E /* FlightLogCardView.swift */ = {isa = PBXFileReference; lastKnownFileType = sourcecode.swift; path = FlightLogCardView.swift; sourceTree = "<group>"; };
		DDD323DC2C29DDF7008AE016 /* HeadlineView.swift */ = {isa = PBXFileReference; lastKnownFileType = sourcecode.swift; path = HeadlineView.swift; sourceTree = "<group>"; };
		DDE5A0522C27DA1100FF460B /* BackgroundView.swift */ = {isa = PBXFileReference; lastKnownFileType = sourcecode.swift; path = BackgroundView.swift; sourceTree = "<group>"; };
		DDE5A0562C29473800FF460B /* InfoCardGreenView.swift */ = {isa = PBXFileReference; lastKnownFileType = sourcecode.swift; path = InfoCardGreenView.swift; sourceTree = "<group>"; };
		DDE5A05A2C2947AB00FF460B /* InfoCardYellowView.swift */ = {isa = PBXFileReference; lastKnownFileType = sourcecode.swift; path = InfoCardYellowView.swift; sourceTree = "<group>"; };
		DDE5A05C2C2947F800FF460B /* InfoCardRedView.swift */ = {isa = PBXFileReference; lastKnownFileType = sourcecode.swift; path = InfoCardRedView.swift; sourceTree = "<group>"; };
/* End PBXFileReference section */

/* Begin PBXFrameworksBuildPhase section */
		DD7AECAB2C0DCAE1002AB8F1 /* Frameworks */ = {
			isa = PBXFrameworksBuildPhase;
			buildActionMask = 2147483647;
			files = (
			);
			runOnlyForDeploymentPostprocessing = 0;
		};
/* End PBXFrameworksBuildPhase section */

/* Begin PBXGroup section */
		DD7AECA52C0DCAE1002AB8F1 = {
			isa = PBXGroup;
			children = (
				DD7AECB02C0DCAE1002AB8F1 /* Trainingsbarometer */,
				DD7AECAF2C0DCAE1002AB8F1 /* Products */,
			);
			sourceTree = "<group>";
		};
		DD7AECAF2C0DCAE1002AB8F1 /* Products */ = {
			isa = PBXGroup;
			children = (
				DD7AECAE2C0DCAE1002AB8F1 /* Trainingsbarometer.app */,
			);
			name = Products;
			sourceTree = "<group>";
		};
		DD7AECB02C0DCAE1002AB8F1 /* Trainingsbarometer */ = {
			isa = PBXGroup;
			children = (
				DD7AECB12C0DCAE1002AB8F1 /* TrainingsbarometerApp.swift */,
				DD7AECC62C0DF3CA002AB8F1 /* Home */,
				DD7AECC72C0DF3F4002AB8F1 /* FlightLogs */,
				DDB60F7C2C0E1D2500ACD9D0 /* Model */,
				DD7AECBF2C0DDE41002AB8F1 /* Helpers */,
				DD7AECB52C0DCAE2002AB8F1 /* Assets.xcassets */,
				DD7AECB72C0DCAE2002AB8F1 /* Preview Content */,
			);
			path = Trainingsbarometer;
			sourceTree = "<group>";
		};
		DD7AECB72C0DCAE2002AB8F1 /* Preview Content */ = {
			isa = PBXGroup;
			children = (
				DD7AECB82C0DCAE2002AB8F1 /* Preview Assets.xcassets */,
			);
			path = "Preview Content";
			sourceTree = "<group>";
		};
		DD7AECBF2C0DDE41002AB8F1 /* Helpers */ = {
			isa = PBXGroup;
			children = (
				DD7AECC02C0DDE55002AB8F1 /* FontHelper.swift */,
			);
			path = Helpers;
			sourceTree = "<group>";
		};
		DD7AECC62C0DF3CA002AB8F1 /* Home */ = {
			isa = PBXGroup;
			children = (
				DD7AECB32C0DCAE1002AB8F1 /* HomeView.swift */,
				DDD323DC2C29DDF7008AE016 /* HeadlineView.swift */,
				DDE5A05C2C2947F800FF460B /* InfoCardRedView.swift */,
				DDE5A05A2C2947AB00FF460B /* InfoCardYellowView.swift */,
				DDE5A0562C29473800FF460B /* InfoCardGreenView.swift */,
				DD7AECC22C0DE3D1002AB8F1 /* StatCardView.swift */,
				DDE5A0522C27DA1100FF460B /* BackgroundView.swift */,
			);
			path = Home;
			sourceTree = "<group>";
		};
		DD7AECC72C0DF3F4002AB8F1 /* FlightLogs */ = {
			isa = PBXGroup;
			children = (
				DD7AECC42C0DF3BB002AB8F1 /* FlightLogsView.swift */,
				DDBD0F5A2C1A216B0097432E /* FlightLogCardView.swift */,
				DDB60F992C10977D00ACD9D0 /* EditFlightLogView.swift */,
			);
			path = FlightLogs;
			sourceTree = "<group>";
		};
		DDB60F7C2C0E1D2500ACD9D0 /* Model */ = {
			isa = PBXGroup;
			children = (
				DDB60F7D2C0E1D3F00ACD9D0 /* FlightLog.swift */,
			);
			path = Model;
			sourceTree = "<group>";
		};
/* End PBXGroup section */

/* Begin PBXNativeTarget section */
		DD7AECAD2C0DCAE1002AB8F1 /* Trainingsbarometer */ = {
			isa = PBXNativeTarget;
			buildConfigurationList = DD7AECBC2C0DCAE2002AB8F1 /* Build configuration list for PBXNativeTarget "Trainingsbarometer" */;
			buildPhases = (
				DD7AECAA2C0DCAE1002AB8F1 /* Sources */,
				DD7AECAB2C0DCAE1002AB8F1 /* Frameworks */,
				DD7AECAC2C0DCAE1002AB8F1 /* Resources */,
			);
			buildRules = (
			);
			dependencies = (
			);
			name = Trainingsbarometer;
			productName = Trainingsbarometer;
			productReference = DD7AECAE2C0DCAE1002AB8F1 /* Trainingsbarometer.app */;
			productType = "com.apple.product-type.application";
		};
/* End PBXNativeTarget section */

/* Begin PBXProject section */
		DD7AECA62C0DCAE1002AB8F1 /* Project object */ = {
			isa = PBXProject;
			attributes = {
				BuildIndependentTargetsInParallel = 1;
				LastSwiftUpdateCheck = 1540;
				LastUpgradeCheck = 1540;
				TargetAttributes = {
					DD7AECAD2C0DCAE1002AB8F1 = {
						CreatedOnToolsVersion = 15.4;
					};
				};
			};
			buildConfigurationList = DD7AECA92C0DCAE1002AB8F1 /* Build configuration list for PBXProject "Trainingsbarometer" */;
			compatibilityVersion = "Xcode 14.0";
			developmentRegion = en;
			hasScannedForEncodings = 0;
			knownRegions = (
				en,
				Base,
			);
			mainGroup = DD7AECA52C0DCAE1002AB8F1;
			productRefGroup = DD7AECAF2C0DCAE1002AB8F1 /* Products */;
			projectDirPath = "";
			projectRoot = "";
			targets = (
				DD7AECAD2C0DCAE1002AB8F1 /* Trainingsbarometer */,
			);
		};
/* End PBXProject section */

/* Begin PBXResourcesBuildPhase section */
		DD7AECAC2C0DCAE1002AB8F1 /* Resources */ = {
			isa = PBXResourcesBuildPhase;
			buildActionMask = 2147483647;
			files = (
				DD7AECB92C0DCAE2002AB8F1 /* Preview Assets.xcassets in Resources */,
				DD7AECB62C0DCAE2002AB8F1 /* Assets.xcassets in Resources */,
			);
			runOnlyForDeploymentPostprocessing = 0;
		};
/* End PBXResourcesBuildPhase section */

/* Begin PBXSourcesBuildPhase section */
		DD7AECAA2C0DCAE1002AB8F1 /* Sources */ = {
			isa = PBXSourcesBuildPhase;
			buildActionMask = 2147483647;
			files = (
				DDE5A0532C27DA1100FF460B /* BackgroundView.swift in Sources */,
				DD7AECC52C0DF3BB002AB8F1 /* FlightLogsView.swift in Sources */,
				DDD323DD2C29DDF7008AE016 /* HeadlineView.swift in Sources */,
				DDE5A05D2C2947F800FF460B /* InfoCardRedView.swift in Sources */,
				DD7AECC32C0DE3D1002AB8F1 /* StatCardView.swift in Sources */,
				DDB60F7E2C0E1D3F00ACD9D0 /* FlightLog.swift in Sources */,
				DDB60F9A2C10977D00ACD9D0 /* EditFlightLogView.swift in Sources */,
				DD7AECC12C0DDE55002AB8F1 /* FontHelper.swift in Sources */,
				DDE5A0572C29473800FF460B /* InfoCardGreenView.swift in Sources */,
				DDE5A05B2C2947AB00FF460B /* InfoCardYellowView.swift in Sources */,
				DD7AECB42C0DCAE1002AB8F1 /* HomeView.swift in Sources */,
				DD7AECB22C0DCAE1002AB8F1 /* TrainingsbarometerApp.swift in Sources */,
				DDBD0F5B2C1A216B0097432E /* FlightLogCardView.swift in Sources */,
			);
			runOnlyForDeploymentPostprocessing = 0;
		};
/* End PBXSourcesBuildPhase section */

/* Begin XCBuildConfiguration section */
		DD7AECBA2C0DCAE2002AB8F1 /* Debug */ = {
			isa = XCBuildConfiguration;
			buildSettings = {
				ALWAYS_SEARCH_USER_PATHS = NO;
				ASSETCATALOG_COMPILER_GENERATE_SWIFT_ASSET_SYMBOL_EXTENSIONS = YES;
				CLANG_ANALYZER_NONNULL = YES;
				CLANG_ANALYZER_NUMBER_OBJECT_CONVERSION = YES_AGGRESSIVE;
				CLANG_CXX_LANGUAGE_STANDARD = "gnu++20";
				CLANG_ENABLE_MODULES = YES;
				CLANG_ENABLE_OBJC_ARC = YES;
				CLANG_ENABLE_OBJC_WEAK = YES;
				CLANG_WARN_BLOCK_CAPTURE_AUTORELEASING = YES;
				CLANG_WARN_BOOL_CONVERSION = YES;
				CLANG_WARN_COMMA = YES;
				CLANG_WARN_CONSTANT_CONVERSION = YES;
				CLANG_WARN_DEPRECATED_OBJC_IMPLEMENTATIONS = YES;
				CLANG_WARN_DIRECT_OBJC_ISA_USAGE = YES_ERROR;
				CLANG_WARN_DOCUMENTATION_COMMENTS = YES;
				CLANG_WARN_EMPTY_BODY = YES;
				CLANG_WARN_ENUM_CONVERSION = YES;
				CLANG_WARN_INFINITE_RECURSION = YES;
				CLANG_WARN_INT_CONVERSION = YES;
				CLANG_WARN_NON_LITERAL_NULL_CONVERSION = YES;
				CLANG_WARN_OBJC_IMPLICIT_RETAIN_SELF = YES;
				CLANG_WARN_OBJC_LITERAL_CONVERSION = YES;
				CLANG_WARN_OBJC_ROOT_CLASS = YES_ERROR;
				CLANG_WARN_QUOTED_INCLUDE_IN_FRAMEWORK_HEADER = YES;
				CLANG_WARN_RANGE_LOOP_ANALYSIS = YES;
				CLANG_WARN_STRICT_PROTOTYPES = YES;
				CLANG_WARN_SUSPICIOUS_MOVE = YES;
				CLANG_WARN_UNGUARDED_AVAILABILITY = YES_AGGRESSIVE;
				CLANG_WARN_UNREACHABLE_CODE = YES;
				CLANG_WARN__DUPLICATE_METHOD_MATCH = YES;
				COPY_PHASE_STRIP = NO;
				DEBUG_INFORMATION_FORMAT = dwarf;
				ENABLE_STRICT_OBJC_MSGSEND = YES;
				ENABLE_TESTABILITY = YES;
				ENABLE_USER_SCRIPT_SANDBOXING = YES;
				GCC_C_LANGUAGE_STANDARD = gnu17;
				GCC_DYNAMIC_NO_PIC = NO;
				GCC_NO_COMMON_BLOCKS = YES;
				GCC_OPTIMIZATION_LEVEL = 0;
				GCC_PREPROCESSOR_DEFINITIONS = (
					"DEBUG=1",
					"$(inherited)",
				);
				GCC_WARN_64_TO_32_BIT_CONVERSION = YES;
				GCC_WARN_ABOUT_RETURN_TYPE = YES_ERROR;
				GCC_WARN_UNDECLARED_SELECTOR = YES;
				GCC_WARN_UNINITIALIZED_AUTOS = YES_AGGRESSIVE;
				GCC_WARN_UNUSED_FUNCTION = YES;
				GCC_WARN_UNUSED_VARIABLE = YES;
				IPHONEOS_DEPLOYMENT_TARGET = 17.5;
				LOCALIZATION_PREFERS_STRING_CATALOGS = YES;
				MTL_ENABLE_DEBUG_INFO = INCLUDE_SOURCE;
				MTL_FAST_MATH = YES;
				ONLY_ACTIVE_ARCH = YES;
				SDKROOT = iphoneos;
				SWIFT_ACTIVE_COMPILATION_CONDITIONS = "DEBUG $(inherited)";
				SWIFT_OPTIMIZATION_LEVEL = "-Onone";
			};
			name = Debug;
		};
		DD7AECBB2C0DCAE2002AB8F1 /* Release */ = {
			isa = XCBuildConfiguration;
			buildSettings = {
				ALWAYS_SEARCH_USER_PATHS = NO;
				ASSETCATALOG_COMPILER_GENERATE_SWIFT_ASSET_SYMBOL_EXTENSIONS = YES;
				CLANG_ANALYZER_NONNULL = YES;
				CLANG_ANALYZER_NUMBER_OBJECT_CONVERSION = YES_AGGRESSIVE;
				CLANG_CXX_LANGUAGE_STANDARD = "gnu++20";
				CLANG_ENABLE_MODULES = YES;
				CLANG_ENABLE_OBJC_ARC = YES;
				CLANG_ENABLE_OBJC_WEAK = YES;
				CLANG_WARN_BLOCK_CAPTURE_AUTORELEASING = YES;
				CLANG_WARN_BOOL_CONVERSION = YES;
				CLANG_WARN_COMMA = YES;
				CLANG_WARN_CONSTANT_CONVERSION = YES;
				CLANG_WARN_DEPRECATED_OBJC_IMPLEMENTATIONS = YES;
				CLANG_WARN_DIRECT_OBJC_ISA_USAGE = YES_ERROR;
				CLANG_WARN_DOCUMENTATION_COMMENTS = YES;
				CLANG_WARN_EMPTY_BODY = YES;
				CLANG_WARN_ENUM_CONVERSION = YES;
				CLANG_WARN_INFINITE_RECURSION = YES;
				CLANG_WARN_INT_CONVERSION = YES;
				CLANG_WARN_NON_LITERAL_NULL_CONVERSION = YES;
				CLANG_WARN_OBJC_IMPLICIT_RETAIN_SELF = YES;
				CLANG_WARN_OBJC_LITERAL_CONVERSION = YES;
				CLANG_WARN_OBJC_ROOT_CLASS = YES_ERROR;
				CLANG_WARN_QUOTED_INCLUDE_IN_FRAMEWORK_HEADER = YES;
				CLANG_WARN_RANGE_LOOP_ANALYSIS = YES;
				CLANG_WARN_STRICT_PROTOTYPES = YES;
				CLANG_WARN_SUSPICIOUS_MOVE = YES;
				CLANG_WARN_UNGUARDED_AVAILABILITY = YES_AGGRESSIVE;
				CLANG_WARN_UNREACHABLE_CODE = YES;
				CLANG_WARN__DUPLICATE_METHOD_MATCH = YES;
				COPY_PHASE_STRIP = NO;
				DEBUG_INFORMATION_FORMAT = "dwarf-with-dsym";
				ENABLE_NS_ASSERTIONS = NO;
				ENABLE_STRICT_OBJC_MSGSEND = YES;
				ENABLE_USER_SCRIPT_SANDBOXING = YES;
				GCC_C_LANGUAGE_STANDARD = gnu17;
				GCC_NO_COMMON_BLOCKS = YES;
				GCC_WARN_64_TO_32_BIT_CONVERSION = YES;
				GCC_WARN_ABOUT_RETURN_TYPE = YES_ERROR;
				GCC_WARN_UNDECLARED_SELECTOR = YES;
				GCC_WARN_UNINITIALIZED_AUTOS = YES_AGGRESSIVE;
				GCC_WARN_UNUSED_FUNCTION = YES;
				GCC_WARN_UNUSED_VARIABLE = YES;
				IPHONEOS_DEPLOYMENT_TARGET = 17.5;
				LOCALIZATION_PREFERS_STRING_CATALOGS = YES;
				MTL_ENABLE_DEBUG_INFO = NO;
				MTL_FAST_MATH = YES;
				SDKROOT = iphoneos;
				SWIFT_COMPILATION_MODE = wholemodule;
				VALIDATE_PRODUCT = YES;
			};
			name = Release;
		};
		DD7AECBD2C0DCAE2002AB8F1 /* Debug */ = {
			isa = XCBuildConfiguration;
			buildSettings = {
				ASSETCATALOG_COMPILER_APPICON_NAME = AppIcon;
				ASSETCATALOG_COMPILER_GLOBAL_ACCENT_COLOR_NAME = AccentColor;
				CODE_SIGN_STYLE = Automatic;
				CURRENT_PROJECT_VERSION = 1;
				DEVELOPMENT_ASSET_PATHS = "\"Trainingsbarometer/Preview Content\"";
				DEVELOPMENT_TEAM = 5RLQ565RC5;
				ENABLE_PREVIEWS = YES;
				GENERATE_INFOPLIST_FILE = YES;
				INFOPLIST_KEY_UIApplicationSceneManifest_Generation = YES;
				INFOPLIST_KEY_UIApplicationSupportsIndirectInputEvents = YES;
				INFOPLIST_KEY_UILaunchScreen_Generation = YES;
				INFOPLIST_KEY_UISupportedInterfaceOrientations_iPad = "UIInterfaceOrientationPortrait UIInterfaceOrientationPortraitUpsideDown UIInterfaceOrientationLandscapeLeft UIInterfaceOrientationLandscapeRight";
				INFOPLIST_KEY_UISupportedInterfaceOrientations_iPhone = "UIInterfaceOrientationPortrait UIInterfaceOrientationLandscapeLeft UIInterfaceOrientationLandscapeRight";
				LD_RUNPATH_SEARCH_PATHS = (
					"$(inherited)",
					"@executable_path/Frameworks",
				);
				MARKETING_VERSION = 1.0;
				PRODUCT_BUNDLE_IDENTIFIER = "Jonas-Vetsch.Trainingsbarometer";
				PRODUCT_NAME = "$(TARGET_NAME)";
				SWIFT_EMIT_LOC_STRINGS = YES;
				SWIFT_VERSION = 5.0;
				TARGETED_DEVICE_FAMILY = "1,2";
			};
			name = Debug;
		};
		DD7AECBE2C0DCAE2002AB8F1 /* Release */ = {
			isa = XCBuildConfiguration;
			buildSettings = {
				ASSETCATALOG_COMPILER_APPICON_NAME = AppIcon;
				ASSETCATALOG_COMPILER_GLOBAL_ACCENT_COLOR_NAME = AccentColor;
				CODE_SIGN_STYLE = Automatic;
				CURRENT_PROJECT_VERSION = 1;
				DEVELOPMENT_ASSET_PATHS = "\"Trainingsbarometer/Preview Content\"";
				DEVELOPMENT_TEAM = 5RLQ565RC5;
				ENABLE_PREVIEWS = YES;
				GENERATE_INFOPLIST_FILE = YES;
				INFOPLIST_KEY_UIApplicationSceneManifest_Generation = YES;
				INFOPLIST_KEY_UIApplicationSupportsIndirectInputEvents = YES;
				INFOPLIST_KEY_UILaunchScreen_Generation = YES;
				INFOPLIST_KEY_UISupportedInterfaceOrientations_iPad = "UIInterfaceOrientationPortrait UIInterfaceOrientationPortraitUpsideDown UIInterfaceOrientationLandscapeLeft UIInterfaceOrientationLandscapeRight";
				INFOPLIST_KEY_UISupportedInterfaceOrientations_iPhone = "UIInterfaceOrientationPortrait UIInterfaceOrientationLandscapeLeft UIInterfaceOrientationLandscapeRight";
				LD_RUNPATH_SEARCH_PATHS = (
					"$(inherited)",
					"@executable_path/Frameworks",
				);
				MARKETING_VERSION = 1.0;
				PRODUCT_BUNDLE_IDENTIFIER = "Jonas-Vetsch.Trainingsbarometer";
				PRODUCT_NAME = "$(TARGET_NAME)";
				SWIFT_EMIT_LOC_STRINGS = YES;
				SWIFT_VERSION = 5.0;
				TARGETED_DEVICE_FAMILY = "1,2";
			};
			name = Release;
		};
/* End XCBuildConfiguration section */

/* Begin XCConfigurationList section */
		DD7AECA92C0DCAE1002AB8F1 /* Build configuration list for PBXProject "Trainingsbarometer" */ = {
			isa = XCConfigurationList;
			buildConfigurations = (
				DD7AECBA2C0DCAE2002AB8F1 /* Debug */,
				DD7AECBB2C0DCAE2002AB8F1 /* Release */,
			);
			defaultConfigurationIsVisible = 0;
			defaultConfigurationName = Release;
		};
		DD7AECBC2C0DCAE2002AB8F1 /* Build configuration list for PBXNativeTarget "Trainingsbarometer" */ = {
			isa = XCConfigurationList;
			buildConfigurations = (
				DD7AECBD2C0DCAE2002AB8F1 /* Debug */,
				DD7AECBE2C0DCAE2002AB8F1 /* Release */,
			);
			defaultConfigurationIsVisible = 0;
			defaultConfigurationName = Release;
		};
/* End XCConfigurationList section */
	};
	rootObject = DD7AECA62C0DCAE1002AB8F1 /* Project object */;
}
