// !$*UTF8*$!
{
	archiveVersion = 1;
	classes = {
	};
	objectVersion = 56;
	objects = {

/* Begin PBXBuildFile section */
		DD0C18F42C7B58640081BF17 /* UserViewModel.swift in Sources */ = {isa = PBXBuildFile; fileRef = DD0C18F32C7B58640081BF17 /* UserViewModel.swift */; };
		DD0C18F72C7B68A40081BF17 /* SubscriptionActiveView.swift in Sources */ = {isa = PBXBuildFile; fileRef = DD0C18F62C7B68A40081BF17 /* SubscriptionActiveView.swift */; };
		DD0C18F92C7B68EC0081BF17 /* SubscriptionInactiveView.swift in Sources */ = {isa = PBXBuildFile; fileRef = DD0C18F82C7B68EC0081BF17 /* SubscriptionInactiveView.swift */; };
		DD1DB7BC2C2AC223000FF93F /* SettingsView.swift in Sources */ = {isa = PBXBuildFile; fileRef = DD1DB7BB2C2AC223000FF93F /* SettingsView.swift */; };
		DD1DB7BF2C2AF8C3000FF93F /* SettingsCardView.swift in Sources */ = {isa = PBXBuildFile; fileRef = DD1DB7BE2C2AF8C3000FF93F /* SettingsCardView.swift */; };
		DD283CA62C7720C3009B4788 /* HapticHelper.swift in Sources */ = {isa = PBXBuildFile; fileRef = DD283CA52C7720C3009B4788 /* HapticHelper.swift */; };
		DD4DC9F02C35368B0051109E /* SampleDataHelper.swift in Sources */ = {isa = PBXBuildFile; fileRef = DD4DC9EF2C35368B0051109E /* SampleDataHelper.swift */; };
		DD4DC9F22C358B130051109E /* SampleDataWarningView.swift in Sources */ = {isa = PBXBuildFile; fileRef = DD4DC9F12C358B130051109E /* SampleDataWarningView.swift */; };
		DD62C88B2C5FB55E00A87374 /* TextHelper.swift in Sources */ = {isa = PBXBuildFile; fileRef = DD62C88A2C5FB55E00A87374 /* TextHelper.swift */; };
		DD78229F2C31B3530024A877 /* Localizable.xcstrings in Resources */ = {isa = PBXBuildFile; fileRef = DD78229E2C31B3530024A877 /* Localizable.xcstrings */; };
		DD7AECB22C0DCAE1002AB8F1 /* SkySoarApp.swift in Sources */ = {isa = PBXBuildFile; fileRef = DD7AECB12C0DCAE1002AB8F1 /* SkySoarApp.swift */; };
		DD7AECB42C0DCAE1002AB8F1 /* HomeView.swift in Sources */ = {isa = PBXBuildFile; fileRef = DD7AECB32C0DCAE1002AB8F1 /* HomeView.swift */; };
		DD7AECB62C0DCAE2002AB8F1 /* Assets.xcassets in Resources */ = {isa = PBXBuildFile; fileRef = DD7AECB52C0DCAE2002AB8F1 /* Assets.xcassets */; };
		DD7AECB92C0DCAE2002AB8F1 /* Preview Assets.xcassets in Resources */ = {isa = PBXBuildFile; fileRef = DD7AECB82C0DCAE2002AB8F1 /* Preview Assets.xcassets */; };
		DD7AECC12C0DDE55002AB8F1 /* FontHelper.swift in Sources */ = {isa = PBXBuildFile; fileRef = DD7AECC02C0DDE55002AB8F1 /* FontHelper.swift */; };
		DD7AECC32C0DE3D1002AB8F1 /* StatCardView.swift in Sources */ = {isa = PBXBuildFile; fileRef = DD7AECC22C0DE3D1002AB8F1 /* StatCardView.swift */; };
		DD7AECC52C0DF3BB002AB8F1 /* FlightLogsView.swift in Sources */ = {isa = PBXBuildFile; fileRef = DD7AECC42C0DF3BB002AB8F1 /* FlightLogsView.swift */; };
		DD9E0E022C8DE3D600E24071 /* ContentView.swift in Sources */ = {isa = PBXBuildFile; fileRef = DD9E0E012C8DE3D600E24071 /* ContentView.swift */; };
		DDA6B7F42C38292B0047DFA9 /* Onboarding2View.swift in Sources */ = {isa = PBXBuildFile; fileRef = DDA6B7F32C38292B0047DFA9 /* Onboarding2View.swift */; };
		DDA6B7F62C3829DF0047DFA9 /* Onboarding3View.swift in Sources */ = {isa = PBXBuildFile; fileRef = DDA6B7F52C3829DF0047DFA9 /* Onboarding3View.swift */; };
		DDA6B7FC2C3A7CF40047DFA9 /* Onboarding4View.swift in Sources */ = {isa = PBXBuildFile; fileRef = DDA6B7FB2C3A7CF40047DFA9 /* Onboarding4View.swift */; };
		DDA6B7FE2C3A9B3F0047DFA9 /* Onboarding1View.swift in Sources */ = {isa = PBXBuildFile; fileRef = DDA6B7FD2C3A9B3F0047DFA9 /* Onboarding1View.swift */; };
		DDB2215D2C73DB94002BE919 /* TrainingStateHelper.swift in Sources */ = {isa = PBXBuildFile; fileRef = DDB2215C2C73DB94002BE919 /* TrainingStateHelper.swift */; };
		DDB2215F2C74DE52002BE919 /* FilterLogic.swift in Sources */ = {isa = PBXBuildFile; fileRef = DDB2215E2C74DE52002BE919 /* FilterLogic.swift */; };
		DDB221612C74E824002BE919 /* StatCardFunctionTimeView.swift in Sources */ = {isa = PBXBuildFile; fileRef = DDB221602C74E824002BE919 /* StatCardFunctionTimeView.swift */; };
		DDB221632C74F11A002BE919 /* StatCardDepartureModeView.swift in Sources */ = {isa = PBXBuildFile; fileRef = DDB221622C74F11A002BE919 /* StatCardDepartureModeView.swift */; };
		DDB221672C74F5CF002BE919 /* TrafficLightView.swift in Sources */ = {isa = PBXBuildFile; fileRef = DDB221662C74F5CF002BE919 /* TrafficLightView.swift */; };
		DDB221692C74FB9D002BE919 /* InfoSignView.swift in Sources */ = {isa = PBXBuildFile; fileRef = DDB221682C74FB9D002BE919 /* InfoSignView.swift */; };
		DDB2216B2C752A3E002BE919 /* NavigationButtonsView.swift in Sources */ = {isa = PBXBuildFile; fileRef = DDB2216A2C752A3E002BE919 /* NavigationButtonsView.swift */; };
		DDB2216D2C75C063002BE919 /* GreetingView.swift in Sources */ = {isa = PBXBuildFile; fileRef = DDB2216C2C75C063002BE919 /* GreetingView.swift */; };
		DDB60F7E2C0E1D3F00ACD9D0 /* FlightLog.swift in Sources */ = {isa = PBXBuildFile; fileRef = DDB60F7D2C0E1D3F00ACD9D0 /* FlightLog.swift */; };
		DDB60F9A2C10977D00ACD9D0 /* EditFlightLogView.swift in Sources */ = {isa = PBXBuildFile; fileRef = DDB60F992C10977D00ACD9D0 /* EditFlightLogView.swift */; };
		DDBD0F5B2C1A216B0097432E /* FlightLogCardView.swift in Sources */ = {isa = PBXBuildFile; fileRef = DDBD0F5A2C1A216B0097432E /* FlightLogCardView.swift */; };
		DDD323DD2C29DDF7008AE016 /* HeadlineView.swift in Sources */ = {isa = PBXBuildFile; fileRef = DDD323DC2C29DDF7008AE016 /* HeadlineView.swift */; };
		DDDCB4CD2C7CE64700E80015 /* RevenueCat in Frameworks */ = {isa = PBXBuildFile; productRef = DDDCB4CC2C7CE64700E80015 /* RevenueCat */; };
		DDDCB4CF2C7CE64700E80015 /* RevenueCatUI in Frameworks */ = {isa = PBXBuildFile; productRef = DDDCB4CE2C7CE64700E80015 /* RevenueCatUI */; };
		DDDD2D732C314B190008E135 /* WebsiteView.swift in Sources */ = {isa = PBXBuildFile; fileRef = DDDD2D722C314B190008E135 /* WebsiteView.swift */; };
		DDDD2D7A2C3158230008E135 /* CloseButtonView.swift in Sources */ = {isa = PBXBuildFile; fileRef = DDDD2D792C3158230008E135 /* CloseButtonView.swift */; };
		DDDD2D7E2C315FE50008E135 /* DisclaimerCardView.swift in Sources */ = {isa = PBXBuildFile; fileRef = DDDD2D7D2C315FE50008E135 /* DisclaimerCardView.swift */; };
		DDE5A0532C27DA1100FF460B /* BackgroundView.swift in Sources */ = {isa = PBXBuildFile; fileRef = DDE5A0522C27DA1100FF460B /* BackgroundView.swift */; };
		DDE5A8DE2C61346800470417 /* Launch Screen.storyboard in Resources */ = {isa = PBXBuildFile; fileRef = DDE5A8DD2C61346800470417 /* Launch Screen.storyboard */; };
		DDED46D42C2C17AE00441280 /* WebKit.swift in Sources */ = {isa = PBXBuildFile; fileRef = DDED46D32C2C17AE00441280 /* WebKit.swift */; };
		DDED46DC2C2C36FC00441280 /* DisclaimerView.swift in Sources */ = {isa = PBXBuildFile; fileRef = DDED46DB2C2C36FC00441280 /* DisclaimerView.swift */; };
		DDED46DE2C2C3ECD00441280 /* JustifyTextHelper.swift in Sources */ = {isa = PBXBuildFile; fileRef = DDED46DD2C2C3ECD00441280 /* JustifyTextHelper.swift */; };
		DDFB9BD62C666F52006F1AC0 /* DateHelper.swift in Sources */ = {isa = PBXBuildFile; fileRef = DDFB9BD52C666F52006F1AC0 /* DateHelper.swift */; };
		DDFD7EC92C787D5E007B38D6 /* SubscriptionView.swift in Sources */ = {isa = PBXBuildFile; fileRef = DDFD7EC82C787D5E007B38D6 /* SubscriptionView.swift */; };
/* End PBXBuildFile section */

/* Begin PBXFileReference section */
		DD0C18F12C7B55380081BF17 /* StoreKit.framework */ = {isa = PBXFileReference; lastKnownFileType = wrapper.framework; name = StoreKit.framework; path = System/Library/Frameworks/StoreKit.framework; sourceTree = SDKROOT; };
		DD0C18F32C7B58640081BF17 /* UserViewModel.swift */ = {isa = PBXFileReference; lastKnownFileType = sourcecode.swift; path = UserViewModel.swift; sourceTree = "<group>"; };
		DD0C18F62C7B68A40081BF17 /* SubscriptionActiveView.swift */ = {isa = PBXFileReference; lastKnownFileType = sourcecode.swift; path = SubscriptionActiveView.swift; sourceTree = "<group>"; };
		DD0C18F82C7B68EC0081BF17 /* SubscriptionInactiveView.swift */ = {isa = PBXFileReference; lastKnownFileType = sourcecode.swift; path = SubscriptionInactiveView.swift; sourceTree = "<group>"; };
		DD1DB7BB2C2AC223000FF93F /* SettingsView.swift */ = {isa = PBXFileReference; lastKnownFileType = sourcecode.swift; path = SettingsView.swift; sourceTree = "<group>"; };
		DD1DB7BE2C2AF8C3000FF93F /* SettingsCardView.swift */ = {isa = PBXFileReference; lastKnownFileType = sourcecode.swift; path = SettingsCardView.swift; sourceTree = "<group>"; };
		DD283CA52C7720C3009B4788 /* HapticHelper.swift */ = {isa = PBXFileReference; lastKnownFileType = sourcecode.swift; path = HapticHelper.swift; sourceTree = "<group>"; };
		DD4DC9EF2C35368B0051109E /* SampleDataHelper.swift */ = {isa = PBXFileReference; lastKnownFileType = sourcecode.swift; path = SampleDataHelper.swift; sourceTree = "<group>"; };
		DD4DC9F12C358B130051109E /* SampleDataWarningView.swift */ = {isa = PBXFileReference; lastKnownFileType = sourcecode.swift; path = SampleDataWarningView.swift; sourceTree = "<group>"; };
		DD5942EA2C78A98C0019C0E3 /* SkySoar.app */ = {isa = PBXFileReference; explicitFileType = wrapper.application; includeInIndex = 0; path = SkySoar.app; sourceTree = BUILT_PRODUCTS_DIR; };
		DD62C88A2C5FB55E00A87374 /* TextHelper.swift */ = {isa = PBXFileReference; lastKnownFileType = sourcecode.swift; path = TextHelper.swift; sourceTree = "<group>"; };
		DD78229E2C31B3530024A877 /* Localizable.xcstrings */ = {isa = PBXFileReference; lastKnownFileType = text.json.xcstrings; path = Localizable.xcstrings; sourceTree = "<group>"; };
		DD7AECB12C0DCAE1002AB8F1 /* SkySoarApp.swift */ = {isa = PBXFileReference; lastKnownFileType = sourcecode.swift; path = SkySoarApp.swift; sourceTree = "<group>"; };
		DD7AECB32C0DCAE1002AB8F1 /* HomeView.swift */ = {isa = PBXFileReference; lastKnownFileType = sourcecode.swift; path = HomeView.swift; sourceTree = "<group>"; };
		DD7AECB52C0DCAE2002AB8F1 /* Assets.xcassets */ = {isa = PBXFileReference; lastKnownFileType = folder.assetcatalog; path = Assets.xcassets; sourceTree = "<group>"; };
		DD7AECB82C0DCAE2002AB8F1 /* Preview Assets.xcassets */ = {isa = PBXFileReference; lastKnownFileType = folder.assetcatalog; path = "Preview Assets.xcassets"; sourceTree = "<group>"; };
		DD7AECC02C0DDE55002AB8F1 /* FontHelper.swift */ = {isa = PBXFileReference; lastKnownFileType = sourcecode.swift; path = FontHelper.swift; sourceTree = "<group>"; };
		DD7AECC22C0DE3D1002AB8F1 /* StatCardView.swift */ = {isa = PBXFileReference; lastKnownFileType = sourcecode.swift; path = StatCardView.swift; sourceTree = "<group>"; };
		DD7AECC42C0DF3BB002AB8F1 /* FlightLogsView.swift */ = {isa = PBXFileReference; lastKnownFileType = sourcecode.swift; path = FlightLogsView.swift; sourceTree = "<group>"; };
		DD9E0E012C8DE3D600E24071 /* ContentView.swift */ = {isa = PBXFileReference; lastKnownFileType = sourcecode.swift; path = ContentView.swift; sourceTree = "<group>"; };
		DDA6B7F32C38292B0047DFA9 /* Onboarding2View.swift */ = {isa = PBXFileReference; lastKnownFileType = sourcecode.swift; path = Onboarding2View.swift; sourceTree = "<group>"; };
		DDA6B7F52C3829DF0047DFA9 /* Onboarding3View.swift */ = {isa = PBXFileReference; lastKnownFileType = sourcecode.swift; path = Onboarding3View.swift; sourceTree = "<group>"; };
		DDA6B7FB2C3A7CF40047DFA9 /* Onboarding4View.swift */ = {isa = PBXFileReference; lastKnownFileType = sourcecode.swift; path = Onboarding4View.swift; sourceTree = "<group>"; };
		DDA6B7FD2C3A9B3F0047DFA9 /* Onboarding1View.swift */ = {isa = PBXFileReference; lastKnownFileType = sourcecode.swift; path = Onboarding1View.swift; sourceTree = "<group>"; };
		DDB2215C2C73DB94002BE919 /* TrainingStateHelper.swift */ = {isa = PBXFileReference; lastKnownFileType = sourcecode.swift; path = TrainingStateHelper.swift; sourceTree = "<group>"; };
		DDB2215E2C74DE52002BE919 /* FilterLogic.swift */ = {isa = PBXFileReference; lastKnownFileType = sourcecode.swift; path = FilterLogic.swift; sourceTree = "<group>"; };
		DDB221602C74E824002BE919 /* StatCardFunctionTimeView.swift */ = {isa = PBXFileReference; lastKnownFileType = sourcecode.swift; path = StatCardFunctionTimeView.swift; sourceTree = "<group>"; };
		DDB221622C74F11A002BE919 /* StatCardDepartureModeView.swift */ = {isa = PBXFileReference; lastKnownFileType = sourcecode.swift; path = StatCardDepartureModeView.swift; sourceTree = "<group>"; };
		DDB221662C74F5CF002BE919 /* TrafficLightView.swift */ = {isa = PBXFileReference; lastKnownFileType = sourcecode.swift; path = TrafficLightView.swift; sourceTree = "<group>"; };
		DDB221682C74FB9D002BE919 /* InfoSignView.swift */ = {isa = PBXFileReference; lastKnownFileType = sourcecode.swift; path = InfoSignView.swift; sourceTree = "<group>"; };
		DDB2216A2C752A3E002BE919 /* NavigationButtonsView.swift */ = {isa = PBXFileReference; lastKnownFileType = sourcecode.swift; path = NavigationButtonsView.swift; sourceTree = "<group>"; };
		DDB2216C2C75C063002BE919 /* GreetingView.swift */ = {isa = PBXFileReference; lastKnownFileType = sourcecode.swift; path = GreetingView.swift; sourceTree = "<group>"; };
		DDB60F7D2C0E1D3F00ACD9D0 /* FlightLog.swift */ = {isa = PBXFileReference; lastKnownFileType = sourcecode.swift; path = FlightLog.swift; sourceTree = "<group>"; };
		DDB60F992C10977D00ACD9D0 /* EditFlightLogView.swift */ = {isa = PBXFileReference; lastKnownFileType = sourcecode.swift; path = EditFlightLogView.swift; sourceTree = "<group>"; };
		DDBD0F5A2C1A216B0097432E /* FlightLogCardView.swift */ = {isa = PBXFileReference; lastKnownFileType = sourcecode.swift; path = FlightLogCardView.swift; sourceTree = "<group>"; };
		DDD323DC2C29DDF7008AE016 /* HeadlineView.swift */ = {isa = PBXFileReference; lastKnownFileType = sourcecode.swift; path = HeadlineView.swift; sourceTree = "<group>"; };
		DDDD2D722C314B190008E135 /* WebsiteView.swift */ = {isa = PBXFileReference; lastKnownFileType = sourcecode.swift; path = WebsiteView.swift; sourceTree = "<group>"; };
		DDDD2D792C3158230008E135 /* CloseButtonView.swift */ = {isa = PBXFileReference; lastKnownFileType = sourcecode.swift; path = CloseButtonView.swift; sourceTree = "<group>"; };
		DDDD2D7D2C315FE50008E135 /* DisclaimerCardView.swift */ = {isa = PBXFileReference; lastKnownFileType = sourcecode.swift; path = DisclaimerCardView.swift; sourceTree = "<group>"; };
		DDE5A0522C27DA1100FF460B /* BackgroundView.swift */ = {isa = PBXFileReference; lastKnownFileType = sourcecode.swift; path = BackgroundView.swift; sourceTree = "<group>"; };
		DDE5A8DD2C61346800470417 /* Launch Screen.storyboard */ = {isa = PBXFileReference; lastKnownFileType = file.storyboard; path = "Launch Screen.storyboard"; sourceTree = "<group>"; };
		DDE5A8DF2C6142DB00470417 /* Info.plist */ = {isa = PBXFileReference; lastKnownFileType = text.plist; path = Info.plist; sourceTree = "<group>"; };
		DDED46D32C2C17AE00441280 /* WebKit.swift */ = {isa = PBXFileReference; lastKnownFileType = sourcecode.swift; path = WebKit.swift; sourceTree = "<group>"; };
		DDED46DB2C2C36FC00441280 /* DisclaimerView.swift */ = {isa = PBXFileReference; lastKnownFileType = sourcecode.swift; path = DisclaimerView.swift; sourceTree = "<group>"; };
		DDED46DD2C2C3ECD00441280 /* JustifyTextHelper.swift */ = {isa = PBXFileReference; lastKnownFileType = sourcecode.swift; path = JustifyTextHelper.swift; sourceTree = "<group>"; };
		DDFB9BD52C666F52006F1AC0 /* DateHelper.swift */ = {isa = PBXFileReference; lastKnownFileType = sourcecode.swift; path = DateHelper.swift; sourceTree = "<group>"; };
		DDFD7EC82C787D5E007B38D6 /* SubscriptionView.swift */ = {isa = PBXFileReference; lastKnownFileType = sourcecode.swift; path = SubscriptionView.swift; sourceTree = "<group>"; };
/* End PBXFileReference section */

/* Begin PBXFrameworksBuildPhase section */
		DD7AECAB2C0DCAE1002AB8F1 /* Frameworks */ = {
			isa = PBXFrameworksBuildPhase;
			buildActionMask = 2147483647;
			files = (
				DDDCB4CF2C7CE64700E80015 /* RevenueCatUI in Frameworks */,
				DDDCB4CD2C7CE64700E80015 /* RevenueCat in Frameworks */,
			);
			runOnlyForDeploymentPostprocessing = 0;
		};
/* End PBXFrameworksBuildPhase section */

/* Begin PBXGroup section */
		DD0C18F02C7B55380081BF17 /* Frameworks */ = {
			isa = PBXGroup;
			children = (
				DD0C18F12C7B55380081BF17 /* StoreKit.framework */,
			);
			name = Frameworks;
			sourceTree = "<group>";
		};
		DD0C18F52C7B58670081BF17 /* ViewModel */ = {
			isa = PBXGroup;
			children = (
				DD0C18F32C7B58640081BF17 /* UserViewModel.swift */,
			);
			path = ViewModel;
			sourceTree = "<group>";
		};
		DD0C18FA2C7B6CFB0081BF17 /* Subscription */ = {
			isa = PBXGroup;
			children = (
				DDFD7EC82C787D5E007B38D6 /* SubscriptionView.swift */,
				DD0C18F82C7B68EC0081BF17 /* SubscriptionInactiveView.swift */,
				DD0C18F62C7B68A40081BF17 /* SubscriptionActiveView.swift */,
			);
			path = Subscription;
			sourceTree = "<group>";
		};
		DD1DB7BD2C2AC229000FF93F /* Settings */ = {
			isa = PBXGroup;
			children = (
				DD1DB7BB2C2AC223000FF93F /* SettingsView.swift */,
				DDDD2D7D2C315FE50008E135 /* DisclaimerCardView.swift */,
				DD1DB7BE2C2AF8C3000FF93F /* SettingsCardView.swift */,
				DDED46DB2C2C36FC00441280 /* DisclaimerView.swift */,
				DD0C18FA2C7B6CFB0081BF17 /* Subscription */,
			);
			path = Settings;
			sourceTree = "<group>";
		};
		DD73AE162C4D3E16000F0883 /* Onboarding */ = {
			isa = PBXGroup;
			children = (
				DDA6B7FD2C3A9B3F0047DFA9 /* Onboarding1View.swift */,
				DDA6B7F32C38292B0047DFA9 /* Onboarding2View.swift */,
				DDA6B7F52C3829DF0047DFA9 /* Onboarding3View.swift */,
				DDA6B7FB2C3A7CF40047DFA9 /* Onboarding4View.swift */,
			);
			path = Onboarding;
			sourceTree = "<group>";
		};
		DD7AECA52C0DCAE1002AB8F1 = {
			isa = PBXGroup;
			children = (
				DD7AECB02C0DCAE1002AB8F1 /* Trainingsbarometer */,
				DD5942EA2C78A98C0019C0E3 /* SkySoar.app */,
				DD0C18F02C7B55380081BF17 /* Frameworks */,
			);
			sourceTree = "<group>";
		};
		DD7AECB02C0DCAE1002AB8F1 /* Trainingsbarometer */ = {
			isa = PBXGroup;
			children = (
				DDE5A8DF2C6142DB00470417 /* Info.plist */,
				DD7AECB12C0DCAE1002AB8F1 /* SkySoarApp.swift */,
				DD9E0E012C8DE3D600E24071 /* ContentView.swift */,
				DDE5A8DD2C61346800470417 /* Launch Screen.storyboard */,
				DD7AECC62C0DF3CA002AB8F1 /* Home */,
				DDB221682C74FB9D002BE919 /* InfoSignView.swift */,
				DDB221662C74F5CF002BE919 /* TrafficLightView.swift */,
				DD7AECC72C0DF3F4002AB8F1 /* FlightLogs */,
				DD1DB7BD2C2AC229000FF93F /* Settings */,
				DD73AE162C4D3E16000F0883 /* Onboarding */,
				DD0C18F52C7B58670081BF17 /* ViewModel */,
				DDB60F7C2C0E1D2500ACD9D0 /* Model */,
				DD7AECBF2C0DDE41002AB8F1 /* Helpers */,
				DD7AECB52C0DCAE2002AB8F1 /* Assets.xcassets */,
				DD78229E2C31B3530024A877 /* Localizable.xcstrings */,
				DD7AECB72C0DCAE2002AB8F1 /* Preview Content */,
			);
			path = Trainingsbarometer;
			sourceTree = "<group>";
		};
		DD7AECB72C0DCAE2002AB8F1 /* Preview Content */ = {
			isa = PBXGroup;
			children = (
				DD7AECB82C0DCAE2002AB8F1 /* Preview Assets.xcassets */,
			);
			path = "Preview Content";
			sourceTree = "<group>";
		};
		DD7AECBF2C0DDE41002AB8F1 /* Helpers */ = {
			isa = PBXGroup;
			children = (
				DD4DC9EF2C35368B0051109E /* SampleDataHelper.swift */,
				DDB2215C2C73DB94002BE919 /* TrainingStateHelper.swift */,
				DDFB9BD52C666F52006F1AC0 /* DateHelper.swift */,
				DD62C88A2C5FB55E00A87374 /* TextHelper.swift */,
				DD7AECC02C0DDE55002AB8F1 /* FontHelper.swift */,
				DDED46DD2C2C3ECD00441280 /* JustifyTextHelper.swift */,
				DD283CA52C7720C3009B4788 /* HapticHelper.swift */,
				DDB2215A2C73DB38002BE919 /* HelperViews */,
			);
			path = Helpers;
			sourceTree = "<group>";
		};
		DD7AECC62C0DF3CA002AB8F1 /* Home */ = {
			isa = PBXGroup;
			children = (
				DD7AECB32C0DCAE1002AB8F1 /* HomeView.swift */,
				DDB2216C2C75C063002BE919 /* GreetingView.swift */,
				DDD323DC2C29DDF7008AE016 /* HeadlineView.swift */,
				DDB2216A2C752A3E002BE919 /* NavigationButtonsView.swift */,
				DDB221642C74F121002BE919 /* StatCards */,
			);
			path = Home;
			sourceTree = "<group>";
		};
		DD7AECC72C0DF3F4002AB8F1 /* FlightLogs */ = {
			isa = PBXGroup;
			children = (
				DD7AECC42C0DF3BB002AB8F1 /* FlightLogsView.swift */,
				DDBD0F5A2C1A216B0097432E /* FlightLogCardView.swift */,
				DDB60F992C10977D00ACD9D0 /* EditFlightLogView.swift */,
			);
			path = FlightLogs;
			sourceTree = "<group>";
		};
		DDB2215A2C73DB38002BE919 /* HelperViews */ = {
			isa = PBXGroup;
			children = (
				DDE5A0522C27DA1100FF460B /* BackgroundView.swift */,
				DDDD2D792C3158230008E135 /* CloseButtonView.swift */,
				DD4DC9F12C358B130051109E /* SampleDataWarningView.swift */,
				DDDD2D722C314B190008E135 /* WebsiteView.swift */,
				DDED46D32C2C17AE00441280 /* WebKit.swift */,
			);
			path = HelperViews;
			sourceTree = "<group>";
		};
		DDB221642C74F121002BE919 /* StatCards */ = {
			isa = PBXGroup;
			children = (
				DD7AECC22C0DE3D1002AB8F1 /* StatCardView.swift */,
				DDB221602C74E824002BE919 /* StatCardFunctionTimeView.swift */,
				DDB221622C74F11A002BE919 /* StatCardDepartureModeView.swift */,
			);
			path = StatCards;
			sourceTree = "<group>";
		};
		DDB60F7C2C0E1D2500ACD9D0 /* Model */ = {
			isa = PBXGroup;
			children = (
				DDB60F7D2C0E1D3F00ACD9D0 /* FlightLog.swift */,
				DDB2215E2C74DE52002BE919 /* FilterLogic.swift */,
			);
			path = Model;
			sourceTree = "<group>";
		};
/* End PBXGroup section */

/* Begin PBXNativeTarget section */
		DD7AECAD2C0DCAE1002AB8F1 /* SkySoar */ = {
			isa = PBXNativeTarget;
			buildConfigurationList = DD7AECBC2C0DCAE2002AB8F1 /* Build configuration list for PBXNativeTarget "SkySoar" */;
			buildPhases = (
				DD7AECAA2C0DCAE1002AB8F1 /* Sources */,
				DD7AECAB2C0DCAE1002AB8F1 /* Frameworks */,
				DD7AECAC2C0DCAE1002AB8F1 /* Resources */,
			);
			buildRules = (
			);
			dependencies = (
			);
			name = SkySoar;
			packageProductDependencies = (
				DDDCB4CC2C7CE64700E80015 /* RevenueCat */,
				DDDCB4CE2C7CE64700E80015 /* RevenueCatUI */,
			);
			productName = Trainingsbarometer;
			productReference = DD5942EA2C78A98C0019C0E3 /* SkySoar.app */;
			productType = "com.apple.product-type.application";
		};
/* End PBXNativeTarget section */

/* Begin PBXProject section */
		DD7AECA62C0DCAE1002AB8F1 /* Project object */ = {
			isa = PBXProject;
			attributes = {
				BuildIndependentTargetsInParallel = 1;
				LastSwiftUpdateCheck = 1540;
				LastUpgradeCheck = 1540;
				TargetAttributes = {
					DD7AECAD2C0DCAE1002AB8F1 = {
						CreatedOnToolsVersion = 15.4;
					};
				};
			};
			buildConfigurationList = DD7AECA92C0DCAE1002AB8F1 /* Build configuration list for PBXProject "Trainingsbarometer" */;
			compatibilityVersion = "Xcode 14.0";
			developmentRegion = en;
			hasScannedForEncodings = 0;
			knownRegions = (
				en,
				Base,
				de,
			);
			mainGroup = DD7AECA52C0DCAE1002AB8F1;
			packageReferences = (
				DDFD7EC32C78788D007B38D6 /* XCRemoteSwiftPackageReference "purchases-ios-spm" */,
			);
			productRefGroup = DD7AECA52C0DCAE1002AB8F1;
			projectDirPath = "";
			projectRoot = "";
			targets = (
				DD7AECAD2C0DCAE1002AB8F1 /* SkySoar */,
			);
		};
/* End PBXProject section */

/* Begin PBXResourcesBuildPhase section */
		DD7AECAC2C0DCAE1002AB8F1 /* Resources */ = {
			isa = PBXResourcesBuildPhase;
			buildActionMask = 2147483647;
			files = (
				DD7AECB92C0DCAE2002AB8F1 /* Preview Assets.xcassets in Resources */,
				DD78229F2C31B3530024A877 /* Localizable.xcstrings in Resources */,
				DDE5A8DE2C61346800470417 /* Launch Screen.storyboard in Resources */,
				DD7AECB62C0DCAE2002AB8F1 /* Assets.xcassets in Resources */,
			);
			runOnlyForDeploymentPostprocessing = 0;
		};
/* End PBXResourcesBuildPhase section */

/* Begin PBXSourcesBuildPhase section */
		DD7AECAA2C0DCAE1002AB8F1 /* Sources */ = {
			isa = PBXSourcesBuildPhase;
			buildActionMask = 2147483647;
			files = (
				DDE5A0532C27DA1100FF460B /* BackgroundView.swift in Sources */,
				DD62C88B2C5FB55E00A87374 /* TextHelper.swift in Sources */,
				DDDD2D732C314B190008E135 /* WebsiteView.swift in Sources */,
				DD7AECC52C0DF3BB002AB8F1 /* FlightLogsView.swift in Sources */,
				DDA6B7F62C3829DF0047DFA9 /* Onboarding3View.swift in Sources */,
				DDD323DD2C29DDF7008AE016 /* HeadlineView.swift in Sources */,
				DDB221632C74F11A002BE919 /* StatCardDepartureModeView.swift in Sources */,
				DDB2215D2C73DB94002BE919 /* TrainingStateHelper.swift in Sources */,
				DD0C18F72C7B68A40081BF17 /* SubscriptionActiveView.swift in Sources */,
				DDFB9BD62C666F52006F1AC0 /* DateHelper.swift in Sources */,
				DDED46DE2C2C3ECD00441280 /* JustifyTextHelper.swift in Sources */,
				DDB2215F2C74DE52002BE919 /* FilterLogic.swift in Sources */,
				DDB221672C74F5CF002BE919 /* TrafficLightView.swift in Sources */,
				DDB2216D2C75C063002BE919 /* GreetingView.swift in Sources */,
				DD0C18F42C7B58640081BF17 /* UserViewModel.swift in Sources */,
				DD7AECC32C0DE3D1002AB8F1 /* StatCardView.swift in Sources */,
				DDB60F7E2C0E1D3F00ACD9D0 /* FlightLog.swift in Sources */,
				DDB60F9A2C10977D00ACD9D0 /* EditFlightLogView.swift in Sources */,
				DDA6B7FC2C3A7CF40047DFA9 /* Onboarding4View.swift in Sources */,
				DD4DC9F02C35368B0051109E /* SampleDataHelper.swift in Sources */,
				DD1DB7BC2C2AC223000FF93F /* SettingsView.swift in Sources */,
				DD7AECC12C0DDE55002AB8F1 /* FontHelper.swift in Sources */,
				DDDD2D7E2C315FE50008E135 /* DisclaimerCardView.swift in Sources */,
				DDDD2D7A2C3158230008E135 /* CloseButtonView.swift in Sources */,
				DD7AECB42C0DCAE1002AB8F1 /* HomeView.swift in Sources */,
				DD283CA62C7720C3009B4788 /* HapticHelper.swift in Sources */,
				DD9E0E022C8DE3D600E24071 /* ContentView.swift in Sources */,
				DDA6B7F42C38292B0047DFA9 /* Onboarding2View.swift in Sources */,
				DDED46DC2C2C36FC00441280 /* DisclaimerView.swift in Sources */,
				DD0C18F92C7B68EC0081BF17 /* SubscriptionInactiveView.swift in Sources */,
				DD7AECB22C0DCAE1002AB8F1 /* SkySoarApp.swift in Sources */,
				DDB221612C74E824002BE919 /* StatCardFunctionTimeView.swift in Sources */,
				DDB221692C74FB9D002BE919 /* InfoSignView.swift in Sources */,
				DDFD7EC92C787D5E007B38D6 /* SubscriptionView.swift in Sources */,
				DDED46D42C2C17AE00441280 /* WebKit.swift in Sources */,
				DDB2216B2C752A3E002BE919 /* NavigationButtonsView.swift in Sources */,
				DDBD0F5B2C1A216B0097432E /* FlightLogCardView.swift in Sources */,
				DD1DB7BF2C2AF8C3000FF93F /* SettingsCardView.swift in Sources */,
				DD4DC9F22C358B130051109E /* SampleDataWarningView.swift in Sources */,
				DDA6B7FE2C3A9B3F0047DFA9 /* Onboarding1View.swift in Sources */,
			);
			runOnlyForDeploymentPostprocessing = 0;
		};
/* End PBXSourcesBuildPhase section */

/* Begin XCBuildConfiguration section */
		DD7AECBA2C0DCAE2002AB8F1 /* Debug */ = {
			isa = XCBuildConfiguration;
			buildSettings = {
				ALWAYS_SEARCH_USER_PATHS = NO;
				ASSETCATALOG_COMPILER_GENERATE_SWIFT_ASSET_SYMBOL_EXTENSIONS = YES;
				CLANG_ANALYZER_NONNULL = YES;
				CLANG_ANALYZER_NUMBER_OBJECT_CONVERSION = YES_AGGRESSIVE;
				CLANG_CXX_LANGUAGE_STANDARD = "gnu++20";
				CLANG_ENABLE_MODULES = YES;
				CLANG_ENABLE_OBJC_ARC = YES;
				CLANG_ENABLE_OBJC_WEAK = YES;
				CLANG_WARN_BLOCK_CAPTURE_AUTORELEASING = YES;
				CLANG_WARN_BOOL_CONVERSION = YES;
				CLANG_WARN_COMMA = YES;
				CLANG_WARN_CONSTANT_CONVERSION = YES;
				CLANG_WARN_DEPRECATED_OBJC_IMPLEMENTATIONS = YES;
				CLANG_WARN_DIRECT_OBJC_ISA_USAGE = YES_ERROR;
				CLANG_WARN_DOCUMENTATION_COMMENTS = YES;
				CLANG_WARN_EMPTY_BODY = YES;
				CLANG_WARN_ENUM_CONVERSION = YES;
				CLANG_WARN_INFINITE_RECURSION = YES;
				CLANG_WARN_INT_CONVERSION = YES;
				CLANG_WARN_NON_LITERAL_NULL_CONVERSION = YES;
				CLANG_WARN_OBJC_IMPLICIT_RETAIN_SELF = YES;
				CLANG_WARN_OBJC_LITERAL_CONVERSION = YES;
				CLANG_WARN_OBJC_ROOT_CLASS = YES_ERROR;
				CLANG_WARN_QUOTED_INCLUDE_IN_FRAMEWORK_HEADER = YES;
				CLANG_WARN_RANGE_LOOP_ANALYSIS = YES;
				CLANG_WARN_STRICT_PROTOTYPES = YES;
				CLANG_WARN_SUSPICIOUS_MOVE = YES;
				CLANG_WARN_UNGUARDED_AVAILABILITY = YES_AGGRESSIVE;
				CLANG_WARN_UNREACHABLE_CODE = YES;
				CLANG_WARN__DUPLICATE_METHOD_MATCH = YES;
				COPY_PHASE_STRIP = NO;
				DEBUG_INFORMATION_FORMAT = dwarf;
				ENABLE_STRICT_OBJC_MSGSEND = YES;
				ENABLE_TESTABILITY = YES;
				ENABLE_USER_SCRIPT_SANDBOXING = YES;
				GCC_C_LANGUAGE_STANDARD = gnu17;
				GCC_DYNAMIC_NO_PIC = NO;
				GCC_NO_COMMON_BLOCKS = YES;
				GCC_OPTIMIZATION_LEVEL = 0;
				GCC_PREPROCESSOR_DEFINITIONS = (
					"DEBUG=1",
					"$(inherited)",
				);
				GCC_WARN_64_TO_32_BIT_CONVERSION = YES;
				GCC_WARN_ABOUT_RETURN_TYPE = YES_ERROR;
				GCC_WARN_UNDECLARED_SELECTOR = YES;
				GCC_WARN_UNINITIALIZED_AUTOS = YES_AGGRESSIVE;
				GCC_WARN_UNUSED_FUNCTION = YES;
				GCC_WARN_UNUSED_VARIABLE = YES;
				INFOPLIST_KEY_UISupportedInterfaceOrientations_iPhone = "";
				IPHONEOS_DEPLOYMENT_TARGET = 17.5;
				LOCALIZATION_PREFERS_STRING_CATALOGS = YES;
				MTL_ENABLE_DEBUG_INFO = INCLUDE_SOURCE;
				MTL_FAST_MATH = YES;
				ONLY_ACTIVE_ARCH = YES;
				SDKROOT = iphoneos;
				SWIFT_ACTIVE_COMPILATION_CONDITIONS = "DEBUG $(inherited)";
				SWIFT_OPTIMIZATION_LEVEL = "-Onone";
			};
			name = Debug;
		};
		DD7AECBB2C0DCAE2002AB8F1 /* Release */ = {
			isa = XCBuildConfiguration;
			buildSettings = {
				ALWAYS_SEARCH_USER_PATHS = NO;
				ASSETCATALOG_COMPILER_GENERATE_SWIFT_ASSET_SYMBOL_EXTENSIONS = YES;
				CLANG_ANALYZER_NONNULL = YES;
				CLANG_ANALYZER_NUMBER_OBJECT_CONVERSION = YES_AGGRESSIVE;
				CLANG_CXX_LANGUAGE_STANDARD = "gnu++20";
				CLANG_ENABLE_MODULES = YES;
				CLANG_ENABLE_OBJC_ARC = YES;
				CLANG_ENABLE_OBJC_WEAK = YES;
				CLANG_WARN_BLOCK_CAPTURE_AUTORELEASING = YES;
				CLANG_WARN_BOOL_CONVERSION = YES;
				CLANG_WARN_COMMA = YES;
				CLANG_WARN_CONSTANT_CONVERSION = YES;
				CLANG_WARN_DEPRECATED_OBJC_IMPLEMENTATIONS = YES;
				CLANG_WARN_DIRECT_OBJC_ISA_USAGE = YES_ERROR;
				CLANG_WARN_DOCUMENTATION_COMMENTS = YES;
				CLANG_WARN_EMPTY_BODY = YES;
				CLANG_WARN_ENUM_CONVERSION = YES;
				CLANG_WARN_INFINITE_RECURSION = YES;
				CLANG_WARN_INT_CONVERSION = YES;
				CLANG_WARN_NON_LITERAL_NULL_CONVERSION = YES;
				CLANG_WARN_OBJC_IMPLICIT_RETAIN_SELF = YES;
				CLANG_WARN_OBJC_LITERAL_CONVERSION = YES;
				CLANG_WARN_OBJC_ROOT_CLASS = YES_ERROR;
				CLANG_WARN_QUOTED_INCLUDE_IN_FRAMEWORK_HEADER = YES;
				CLANG_WARN_RANGE_LOOP_ANALYSIS = YES;
				CLANG_WARN_STRICT_PROTOTYPES = YES;
				CLANG_WARN_SUSPICIOUS_MOVE = YES;
				CLANG_WARN_UNGUARDED_AVAILABILITY = YES_AGGRESSIVE;
				CLANG_WARN_UNREACHABLE_CODE = YES;
				CLANG_WARN__DUPLICATE_METHOD_MATCH = YES;
				COPY_PHASE_STRIP = NO;
				DEBUG_INFORMATION_FORMAT = "dwarf-with-dsym";
				ENABLE_NS_ASSERTIONS = NO;
				ENABLE_STRICT_OBJC_MSGSEND = YES;
				ENABLE_USER_SCRIPT_SANDBOXING = YES;
				GCC_C_LANGUAGE_STANDARD = gnu17;
				GCC_NO_COMMON_BLOCKS = YES;
				GCC_WARN_64_TO_32_BIT_CONVERSION = YES;
				GCC_WARN_ABOUT_RETURN_TYPE = YES_ERROR;
				GCC_WARN_UNDECLARED_SELECTOR = YES;
				GCC_WARN_UNINITIALIZED_AUTOS = YES_AGGRESSIVE;
				GCC_WARN_UNUSED_FUNCTION = YES;
				GCC_WARN_UNUSED_VARIABLE = YES;
				INFOPLIST_KEY_UISupportedInterfaceOrientations_iPhone = "";
				IPHONEOS_DEPLOYMENT_TARGET = 17.5;
				LOCALIZATION_PREFERS_STRING_CATALOGS = YES;
				MTL_ENABLE_DEBUG_INFO = NO;
				MTL_FAST_MATH = YES;
				SDKROOT = iphoneos;
				SWIFT_COMPILATION_MODE = wholemodule;
				VALIDATE_PRODUCT = YES;
			};
			name = Release;
		};
		DD7AECBD2C0DCAE2002AB8F1 /* Debug */ = {
			isa = XCBuildConfiguration;
			buildSettings = {
				ASSETCATALOG_COMPILER_ALTERNATE_APPICON_NAMES = AppIconSupporter;
				ASSETCATALOG_COMPILER_APPICON_NAME = AppIcon;
				ASSETCATALOG_COMPILER_GLOBAL_ACCENT_COLOR_NAME = AccentColor;
				CODE_SIGN_STYLE = Automatic;
				CURRENT_PROJECT_VERSION = 3;
				DEVELOPMENT_ASSET_PATHS = "\"Trainingsbarometer/Preview Content\"";
				DEVELOPMENT_TEAM = 5RLQ565RC5;
				ENABLE_PREVIEWS = YES;
				GENERATE_INFOPLIST_FILE = YES;
				INFOPLIST_FILE = Trainingsbarometer/Info.plist;
				INFOPLIST_KEY_CFBundleDisplayName = SkySoar;
				INFOPLIST_KEY_UIApplicationSceneManifest_Generation = YES;
				INFOPLIST_KEY_UIApplicationSupportsIndirectInputEvents = YES;
				INFOPLIST_KEY_UILaunchScreen_Generation = YES;
				INFOPLIST_KEY_UILaunchStoryboardName = "Launch Screen.storyboard";
				INFOPLIST_KEY_UISupportedInterfaceOrientations = UIInterfaceOrientationPortrait;
				INFOPLIST_KEY_UISupportedInterfaceOrientations_iPhone = "";
				INFOPLIST_KEY_UIUserInterfaceStyle = Light;
				IPHONEOS_DEPLOYMENT_TARGET = 17.0;
				LD_RUNPATH_SEARCH_PATHS = (
					"$(inherited)",
					"@executable_path/Frameworks",
				);
				MARKETING_VERSION = 1.0.1;
				PRODUCT_BUNDLE_IDENTIFIER = "Jonas-Vetsch.Trainingsbarometer";
				PRODUCT_NAME = "$(TARGET_NAME)";
				SUPPORTED_PLATFORMS = "iphoneos iphonesimulator";
				SUPPORTS_MACCATALYST = NO;
				SUPPORTS_MAC_DESIGNED_FOR_IPHONE_IPAD = NO;
				SUPPORTS_XR_DESIGNED_FOR_IPHONE_IPAD = NO;
				SWIFT_EMIT_LOC_STRINGS = YES;
				SWIFT_VERSION = 5.0;
				TARGETED_DEVICE_FAMILY = 1;
			};
			name = Debug;
		};
		DD7AECBE2C0DCAE2002AB8F1 /* Release */ = {
			isa = XCBuildConfiguration;
			buildSettings = {
				ASSETCATALOG_COMPILER_ALTERNATE_APPICON_NAMES = AppIconSupporter;
				ASSETCATALOG_COMPILER_APPICON_NAME = AppIcon;
				ASSETCATALOG_COMPILER_GLOBAL_ACCENT_COLOR_NAME = AccentColor;
				CODE_SIGN_STYLE = Automatic;
				CURRENT_PROJECT_VERSION = 3;
				DEVELOPMENT_ASSET_PATHS = "\"Trainingsbarometer/Preview Content\"";
				DEVELOPMENT_TEAM = 5RLQ565RC5;
				ENABLE_PREVIEWS = YES;
				GENERATE_INFOPLIST_FILE = YES;
				INFOPLIST_FILE = Trainingsbarometer/Info.plist;
				INFOPLIST_KEY_CFBundleDisplayName = SkySoar;
				INFOPLIST_KEY_UIApplicationSceneManifest_Generation = YES;
				INFOPLIST_KEY_UIApplicationSupportsIndirectInputEvents = YES;
				INFOPLIST_KEY_UILaunchScreen_Generation = YES;
				INFOPLIST_KEY_UILaunchStoryboardName = "Launch Screen.storyboard";
				INFOPLIST_KEY_UISupportedInterfaceOrientations = UIInterfaceOrientationPortrait;
				INFOPLIST_KEY_UISupportedInterfaceOrientations_iPhone = "";
				INFOPLIST_KEY_UIUserInterfaceStyle = Light;
				IPHONEOS_DEPLOYMENT_TARGET = 17.0;
				LD_RUNPATH_SEARCH_PATHS = (
					"$(inherited)",
					"@executable_path/Frameworks",
				);
				MARKETING_VERSION = 1.0.1;
				PRODUCT_BUNDLE_IDENTIFIER = "Jonas-Vetsch.Trainingsbarometer";
				PRODUCT_NAME = "$(TARGET_NAME)";
				SUPPORTED_PLATFORMS = "iphoneos iphonesimulator";
				SUPPORTS_MACCATALYST = NO;
				SUPPORTS_MAC_DESIGNED_FOR_IPHONE_IPAD = NO;
				SUPPORTS_XR_DESIGNED_FOR_IPHONE_IPAD = NO;
				SWIFT_EMIT_LOC_STRINGS = YES;
				SWIFT_VERSION = 5.0;
				TARGETED_DEVICE_FAMILY = 1;
			};
			name = Release;
		};
/* End XCBuildConfiguration section */

/* Begin XCConfigurationList section */
		DD7AECA92C0DCAE1002AB8F1 /* Build configuration list for PBXProject "Trainingsbarometer" */ = {
			isa = XCConfigurationList;
			buildConfigurations = (
				DD7AECBA2C0DCAE2002AB8F1 /* Debug */,
				DD7AECBB2C0DCAE2002AB8F1 /* Release */,
			);
			defaultConfigurationIsVisible = 0;
			defaultConfigurationName = Release;
		};
		DD7AECBC2C0DCAE2002AB8F1 /* Build configuration list for PBXNativeTarget "SkySoar" */ = {
			isa = XCConfigurationList;
			buildConfigurations = (
				DD7AECBD2C0DCAE2002AB8F1 /* Debug */,
				DD7AECBE2C0DCAE2002AB8F1 /* Release */,
			);
			defaultConfigurationIsVisible = 0;
			defaultConfigurationName = Release;
		};
/* End XCConfigurationList section */

/* Begin XCRemoteSwiftPackageReference section */
		DDFD7EC32C78788D007B38D6 /* XCRemoteSwiftPackageReference "purchases-ios-spm" */ = {
			isa = XCRemoteSwiftPackageReference;
			repositoryURL = "https://github.com/RevenueCat/purchases-ios-spm.git";
			requirement = {
				kind = upToNextMajorVersion;
				minimumVersion = 5.3.0;
			};
		};
/* End XCRemoteSwiftPackageReference section */

/* Begin XCSwiftPackageProductDependency section */
		DDDCB4CC2C7CE64700E80015 /* RevenueCat */ = {
			isa = XCSwiftPackageProductDependency;
			package = DDFD7EC32C78788D007B38D6 /* XCRemoteSwiftPackageReference "purchases-ios-spm" */;
			productName = RevenueCat;
		};
		DDDCB4CE2C7CE64700E80015 /* RevenueCatUI */ = {
			isa = XCSwiftPackageProductDependency;
			package = DDFD7EC32C78788D007B38D6 /* XCRemoteSwiftPackageReference "purchases-ios-spm" */;
			productName = RevenueCatUI;
		};
/* End XCSwiftPackageProductDependency section */
	};
	rootObject = DD7AECA62C0DCAE1002AB8F1 /* Project object */;
}
